
Microsoft Visual Studio Solution File, Format Version 12.00
# Visual Studio 2013
VisualStudioVersion = 12.0.40629.0
MinimumVisualStudioVersion = 10.0.40219.1
Project("{8BC9CEB8-8B4A-11D0-8D11-00A0C91BC942}") = "wordchain", "wordchain\wordchain.vcxproj", "{237B0808-6B44-4955-9178-34359B2CD719}"
EndProject
Global
	GlobalSection(SolutionConfigurationPlatforms) = preSolution
		Debug|Win32 = Debug|Win32
		Release|Win32 = Release|Win32
	EndGlobalSection
	GlobalSection(ProjectConfigurationPlatforms) = postSolution
		{237B0808-6B44-4955-9178-34359B2CD719}.Debug|Win32.ActiveCfg = Debug|Win32
		{237B0808-6B44-4955-9178-34359B2CD719}.Debug|Win32.Build.0 = Debug|Win32
		{237B0808-6B44-4955-9178-34359B2CD719}.Release|Win32.ActiveCfg = Release|Win32
		{237B0808-6B44-4955-9178-34359B2CD719}.Release|Win32.Build.0 = Release|Win32
	EndGlobalSection
	GlobalSection(SolutionProperties) = preSolution
		HideSolutionNode = FALSE
	EndGlobalSection
EndGlobal
